{
  "name": "javalint",
  "version": "0.1.0",
  "lockfileVersion": 3,
  "requires": true,
  "packages": {
    "": {
      "name": "javalint",
      "version": "0.1.0",
      "dependencies": {
        "@colbymchenry/codegraph": "^0.9.3",
        "commander": "^12.1.0",
        "web-tree-sitter": "^0.25.10",
        "yaml": "^2.4.0"
      },
      "bin": {
        "javalint": "dist/bin/javalint.js"
      },
      "devDependencies": {
        "@types/node": "^22.0.0",
        "typescript": "^5.6.0"
      }
    },
    "node_modules/@colbymchenry/codegraph": {
      "version": "0.9.3",
      "resolved": "https://registry.npmmirror.com/@colbymchenry/codegraph/-/codegraph-0.9.3.tgz",
      "integrity": "sha512-UJe7wMKnK0IPyN+mRUUUnnfF55rXiwQL8hzpwb0djLrdvy6L3rdK4WXX/sOek+Eih3ANt6YGhv1Ay3vxbRpqRg==",
      "license": "MIT",
      "bin": {
        "codegraph": "npm-shim.js"
      },
      "optionalDependencies": {
        "@colbymchenry/codegraph-darwin-arm64": "0.9.3",
        "@colbymchenry/codegraph-darwin-x64": "0.9.3",
        "@colbymchenry/codegraph-linux-arm64": "0.9.3",
        "@colbymchenry/codegraph-linux-x64": "0.9.3",
        "@colbymchenry/codegraph-win32-arm64": "0.9.3",
        "@colbymchenry/codegraph-win32-x64": "0.9.3"
      }
    },
    "node_modules/@colbymchenry/codegraph-darwin-arm64": {
      "version": "0.9.3",
      "resolved": "https://registry.npmjs.org/@colbymchenry/codegraph-darwin-arm64/-/codegraph-darwin-arm64-0.9.3.tgz",
      "integrity": "sha512-ggF9MicmVzpqaYvwnguUX1VzQ896j83rPKFfHhwL+QvRmTXWZbhoHtcJ7mYDNPRRIdkXCeTReyYLlfH0k358CQ==",
      "cpu": [
        "arm64"
      ],
      "license": "MIT",
      "optional": true,
      "os": [
        "darwin"
      ]
    },
    "node_modules/@colbymchenry/codegraph-darwin-x64": {
      "version": "0.9.3",
      "resolved": "https://registry.npmjs.org/@colbymchenry/codegraph-darwin-x64/-/codegraph-darwin-x64-0.9.3.tgz",
      "integrity": "sha512-rzdbD/8Cokxsxrkqec6QVFlVNcsF104asWW3ggY6xi+1YvEVXKc0V6qDwV6pNaRgqmkUD1zUTJKo4kzVkD4iGw==",
      "cpu": [
        "x64"
      ],
      "license": "MIT",
      "optional": true,
      "os": [
        "darwin"
      ]
    },
    "node_modules/@colbymchenry/codegraph-linux-arm64": {
      "version": "0.9.3",
      "resolved": "https://registry.npmjs.org/@colbymchenry/codegraph-linux-arm64/-/codegraph-linux-arm64-0.9.3.tgz",
      "integrity": "sha512-FXGkiXKlRoDglMbUVLnsJkPYCg3mnkVt7l7Pib0Csx3th/qW0FqTXwDcQdt1DfnbdNizCmYD3tfHUvGzjjjVsA==",
      "cpu": [
        "arm64"
      ],
      "license": "MIT",
      "optional": true,
      "os": [
        "linux"
      ]
    },
    "node_modules/@colbymchenry/codegraph-linux-x64": {
      "version": "0.9.3",
      "resolved": "https://registry.npmjs.org/@colbymchenry/codegraph-linux-x64/-/codegraph-linux-x64-0.9.3.tgz",
      "integrity": "sha512-PDJW9YStRIJYnTsI7ZqmYSbEulPq7HYFi6fAEIG499Gk3YQt/P/YQrZlJatyoBvWIlVgxAde50KbpUKWX1c34w==",
      "cpu": [
        "x64"
      ],
      "license": "MIT",
      "optional": true,
      "os": [
        "linux"
      ]
    },
    "node_modules/@colbymchenry/codegraph-win32-arm64": {
      "version": "0.9.3",
      "resolved": "https://registry.npmjs.org/@colbymchenry/codegraph-win32-arm64/-/codegraph-win32-arm64-0.9.3.tgz",
      "integrity": "sha512-89y+AowpS6NCZ3mUl58W3w6q/e3F5DNPkxbA4rdnB4zIYmC1C4GnATCwe5UIG36ca3JHBBZTjkKhu59HaFfDyg==",
      "cpu": [
        "arm64"
      ],
      "license": "MIT",
      "optional": true,
      "os": [
        "win32"
      ]
    },
    "node_modules/@colbymchenry/codegraph-win32-x64": {
      "version": "0.9.3",
      "resolved": "https://registry.npmjs.org/@colbymchenry/codegraph-win32-x64/-/codegraph-win32-x64-0.9.3.tgz",
      "integrity": "sha512-lmXmKKf9GXp7e+xEj6UtePL9xHlN9lAz9z4LDGguGj9kWm/+Z32ObYPSpiBz2/05fyG5URyLnf+7ss6umMQH6Q==",
      "cpu": [
        "x64"
      ],
      "license": "MIT",
      "optional": true,
      "os": [
        "win32"
      ]
    },
    "node_modules/@types/node": {
      "version": "22.19.19",
      "resolved": "https://registry.npmmirror.com/@types/node/-/node-22.19.19.tgz",
      "integrity": "sha512-dyh/xO2Fh5bYrfWaaqGrRQQGkNdmYw6AmaAUvYeUMNTWQtvb796ikLdmTchRmOlOiIJ1TDXfWgVx1QkUlQ6Hew==",
      "dev": true,
      "license": "MIT",
      "dependencies": {
        "undici-types": "~6.21.0"
      }
    },
    "node_modules/commander": {
      "version": "12.1.0",
      "resolved": "https://registry.npmmirror.com/commander/-/commander-12.1.0.tgz",
      "integrity": "sha512-Vw8qHK3bZM9y/P10u3Vib8o/DdkvA2OtPtZvD871QKjy74Wj1WSKFILMPRPSdUSx5RFK1arlJzEtA4PkFgnbuA==",
      "license": "MIT",
      "engines": {
        "node": ">=18"
      }
    },
    "node_modules/typescript": {
      "version": "5.9.3",
      "resolved": "https://registry.npmmirror.com/typescript/-/typescript-5.9.3.tgz",
      "integrity": "sha512-jl1vZzPDinLr9eUt3J/t7V6FgNEw9QjvBPdysz9KfQDD41fQrC2Y4vKQdiaUpFT4bXlb1RHhLpp8wtm6M5TgSw==",
      "dev": true,
      "license": "Apache-2.0",
      "bin": {
        "tsc": "bin/tsc",
        "tsserver": "bin/tsserver"
      },
      "engines": {
        "node": ">=14.17"
      }
    },
    "node_modules/undici-types": {
      "version": "6.21.0",
      "resolved": "https://registry.npmmirror.com/undici-types/-/undici-types-6.21.0.tgz",
      "integrity": "sha512-iwDZqg0QAGrg9Rav5H4n0M64c3mkR59cJ6wQp+7C4nI0gsmExaedaYLNO44eT4AtBBwjbTiGPMlt2Md0T9H9JQ==",
      "dev": true,
      "license": "MIT"
    },
    "node_modules/web-tree-sitter": {
      "version": "0.25.10",
      "resolved": "https://registry.npmmirror.com/web-tree-sitter/-/web-tree-sitter-0.25.10.tgz",
      "integrity": "sha512-Y09sF44/13XvgVKgO2cNDw5rGk6s26MgoZPXLESvMXeefBf7i6/73eFurre0IsTW6E14Y0ArIzhUMmjoc7xyzA==",
      "license": "MIT",
      "peerDependencies": {
        "@types/emscripten": "^1.40.0"
      },
      "peerDependenciesMeta": {
        "@types/emscripten": {
          "optional": true
        }
      }
    },
    "node_modules/yaml": {
      "version": "2.9.0",
      "resolved": "https://registry.npmmirror.com/yaml/-/yaml-2.9.0.tgz",
      "integrity": "sha512-2AvhNX3mb8zd6Zy7INTtSpl1F15HW6Wnqj0srWlkKLcpYl/gMIMJiyuGq2KeI2YFxUPjdlB+3Lc10seMLtL4cA==",
      "license": "ISC",
      "bin": {
        "yaml": "bin.mjs"
      },
      "engines": {
        "node": ">= 14.6"
      },
      "funding": {
        "url": "https://github.com/sponsors/eemeli"
      }
    }
  }
}
